
Microsoft Visual Studio Solution File, Format Version 12.00
# Visual Studio Version 17
VisualStudioVersion = 17.13.35828.75 d17.13
MinimumVisualStudioVersion = 10.0.40219.1
Project("{FAE04EC0-301F-11D3-BF4B-00C04F79EFBC}") = "Auction_Project", "Auction_Project\Auction_Project.csproj", "{33E7E68B-A7FC-4A4A-91BA-80A3846C1145}"
EndProject
Global
	GlobalSection(SolutionConfigurationPlatforms) = preSolution
		Debug|Any CPU = Debug|Any CPU
		Release|Any CPU = Release|Any CPU
	EndGlobalSection
	GlobalSection(ProjectConfigurationPlatforms) = postSolution
		{33E7E68B-A7FC-4A4A-91BA-80A3846C1145}.Debug|Any CPU.ActiveCfg = Debug|Any CPU
		{33E7E68B-A7FC-4A4A-91BA-80A3846C1145}.Debug|Any CPU.Build.0 = Debug|Any CPU
		{33E7E68B-A7FC-4A4A-91BA-80A3846C1145}.Release|Any CPU.ActiveCfg = Release|Any CPU
		{33E7E68B-A7FC-4A4A-91BA-80A3846C1145}.Release|Any CPU.Build.0 = Release|Any CPU
	EndGlobalSection
	GlobalSection(SolutionProperties) = preSolution
		HideSolutionNode = FALSE
	EndGlobalSection
	GlobalSection(ExtensibilityGlobals) = postSolution
		SolutionGuid = {03352B10-6E77-4A45-8F73-5DE0889C37A5}
	EndGlobalSection
EndGlobal
